
Microsoft Visual Studio Solution File, Format Version 12.00
# Visual Studio Version 17
VisualStudioVersion = 17.8.34525.116
MinimumVisualStudioVersion = 10.0.40219.1
Project("{9A19103F-16F7-4668-BE54-9A1E7A4F7556}") = "WS.Unit06.User.Data", "WS.Unit06.User.Data\WS.Unit06.User.Data.csproj", "{65BDA3F8-8D58-4167-8A8F-4C9F0CA21766}"
EndProject
Project("{9A19103F-16F7-4668-BE54-9A1E7A4F7556}") = "WS.Unit06.User.Application", "WS.Unit06.User.Application\WS.Unit06.User.Application.csproj", "{994C208A-0CBD-467A-83F1-946E83C22F54}"
EndProject
Project("{9A19103F-16F7-4668-BE54-9A1E7A4F7556}") = "WS.Unit06.User.Web", "WS.Unit06.User.Web\WS.Unit06.User.Web.csproj", "{854DE31B-D0E7-4FCF-9169-2A1285A80AA5}"
EndProject
Project("{2150E333-8FDC-42A3-9474-1A3956D46DE8}") = "Solution Items", "Solution Items", "{B0C29E66-E0CE-4041-A457-DE038A402149}"
	ProjectSection(SolutionItems) = preProject
		readme.md = readme.md
	EndProjectSection
EndProject
Project("{FAE04EC0-301F-11D3-BF4B-00C04F79EFBC}") = "WS.Unit06.User.Auth", "WS.Unit06.User.Auth\WS.Unit06.User.Auth.csproj", "{A986A57D-A16D-4F5D-B871-7FE313E4228A}"
EndProject
Global
	GlobalSection(SolutionConfigurationPlatforms) = preSolution
		Debug|Any CPU = Debug|Any CPU
		Release|Any CPU = Release|Any CPU
	EndGlobalSection
	GlobalSection(ProjectConfigurationPlatforms) = postSolution
		{65BDA3F8-8D58-4167-8A8F-4C9F0CA21766}.Debug|Any CPU.ActiveCfg = Debug|Any CPU
		{65BDA3F8-8D58-4167-8A8F-4C9F0CA21766}.Debug|Any CPU.Build.0 = Debug|Any CPU
		{65BDA3F8-8D58-4167-8A8F-4C9F0CA21766}.Release|Any CPU.ActiveCfg = Release|Any CPU
		{65BDA3F8-8D58-4167-8A8F-4C9F0CA21766}.Release|Any CPU.Build.0 = Release|Any CPU
		{994C208A-0CBD-467A-83F1-946E83C22F54}.Debug|Any CPU.ActiveCfg = Debug|Any CPU
		{994C208A-0CBD-467A-83F1-946E83C22F54}.Debug|Any CPU.Build.0 = Debug|Any CPU
		{994C208A-0CBD-467A-83F1-946E83C22F54}.Release|Any CPU.ActiveCfg = Release|Any CPU
		{994C208A-0CBD-467A-83F1-946E83C22F54}.Release|Any CPU.Build.0 = Release|Any CPU
		{854DE31B-D0E7-4FCF-9169-2A1285A80AA5}.Debug|Any CPU.ActiveCfg = Debug|Any CPU
		{854DE31B-D0E7-4FCF-9169-2A1285A80AA5}.Debug|Any CPU.Build.0 = Debug|Any CPU
		{854DE31B-D0E7-4FCF-9169-2A1285A80AA5}.Release|Any CPU.ActiveCfg = Release|Any CPU
		{854DE31B-D0E7-4FCF-9169-2A1285A80AA5}.Release|Any CPU.Build.0 = Release|Any CPU
		{A986A57D-A16D-4F5D-B871-7FE313E4228A}.Debug|Any CPU.ActiveCfg = Debug|Any CPU
		{A986A57D-A16D-4F5D-B871-7FE313E4228A}.Debug|Any CPU.Build.0 = Debug|Any CPU
		{A986A57D-A16D-4F5D-B871-7FE313E4228A}.Release|Any CPU.ActiveCfg = Release|Any CPU
		{A986A57D-A16D-4F5D-B871-7FE313E4228A}.Release|Any CPU.Build.0 = Release|Any CPU
	EndGlobalSection
	GlobalSection(SolutionProperties) = preSolution
		HideSolutionNode = FALSE
	EndGlobalSection
	GlobalSection(ExtensibilityGlobals) = postSolution
		SolutionGuid = {0DE1AC64-9DFB-4724-B684-CAEDE69A4B80}
	EndGlobalSection
EndGlobal
